
Microsoft Visual Studio Solution File, Format Version 12.00
# Visual Studio 15
VisualStudioVersion = 15.0.26403.0
MinimumVisualStudioVersion = 10.0.40219.1
Project("{FAE04EC0-301F-11D3-BF4B-00C04F79EFBC}") = "talkwithxiaoice", "talkwithxiaoice\talkwithxiaoice.csproj", "{F9E5DF38-70D2-4E73-819A-355A9FCBEA06}"
EndProject
Project("{FAE04EC0-301F-11D3-BF4B-00C04F79EFBC}") = "xiaoiceuwp", "xiaoiceuwp\xiaoiceuwp.csproj", "{EB19337E-CCA3-4445-970B-B3C77E4F7F51}"
EndProject
Global
	GlobalSection(SolutionConfigurationPlatforms) = preSolution
		Debug|Any CPU = Debug|Any CPU
		Debug|ARM = Debug|ARM
		Debug|x64 = Debug|x64
		Debug|x86 = Debug|x86
		Release|Any CPU = Release|Any CPU
		Release|ARM = Release|ARM
		Release|x64 = Release|x64
		Release|x86 = Release|x86
	EndGlobalSection
	GlobalSection(ProjectConfigurationPlatforms) = postSolution
		{F9E5DF38-70D2-4E73-819A-355A9FCBEA06}.Debug|Any CPU.ActiveCfg = Debug|Any CPU
		{F9E5DF38-70D2-4E73-819A-355A9FCBEA06}.Debug|Any CPU.Build.0 = Debug|Any CPU
		{F9E5DF38-70D2-4E73-819A-355A9FCBEA06}.Debug|ARM.ActiveCfg = Debug|Any CPU
		{F9E5DF38-70D2-4E73-819A-355A9FCBEA06}.Debug|ARM.Build.0 = Debug|Any CPU
		{F9E5DF38-70D2-4E73-819A-355A9FCBEA06}.Debug|x64.ActiveCfg = Debug|Any CPU
		{F9E5DF38-70D2-4E73-819A-355A9FCBEA06}.Debug|x64.Build.0 = Debug|Any CPU
		{F9E5DF38-70D2-4E73-819A-355A9FCBEA06}.Debug|x86.ActiveCfg = Debug|Any CPU
		{F9E5DF38-70D2-4E73-819A-355A9FCBEA06}.Debug|x86.Build.0 = Debug|Any CPU
		{F9E5DF38-70D2-4E73-819A-355A9FCBEA06}.Release|Any CPU.ActiveCfg = Release|Any CPU
		{F9E5DF38-70D2-4E73-819A-355A9FCBEA06}.Release|Any CPU.Build.0 = Release|Any CPU
		{F9E5DF38-70D2-4E73-819A-355A9FCBEA06}.Release|ARM.ActiveCfg = Release|Any CPU
		{F9E5DF38-70D2-4E73-819A-355A9FCBEA06}.Release|ARM.Build.0 = Release|Any CPU
		{F9E5DF38-70D2-4E73-819A-355A9FCBEA06}.Release|x64.ActiveCfg = Release|Any CPU
		{F9E5DF38-70D2-4E73-819A-355A9FCBEA06}.Release|x64.Build.0 = Release|Any CPU
		{F9E5DF38-70D2-4E73-819A-355A9FCBEA06}.Release|x86.ActiveCfg = Release|Any CPU
		{F9E5DF38-70D2-4E73-819A-355A9FCBEA06}.Release|x86.Build.0 = Release|Any CPU
		{EB19337E-CCA3-4445-970B-B3C77E4F7F51}.Debug|Any CPU.ActiveCfg = Debug|x86
		{EB19337E-CCA3-4445-970B-B3C77E4F7F51}.Debug|ARM.ActiveCfg = Debug|ARM
		{EB19337E-CCA3-4445-970B-B3C77E4F7F51}.Debug|ARM.Build.0 = Debug|ARM
		{EB19337E-CCA3-4445-970B-B3C77E4F7F51}.Debug|ARM.Deploy.0 = Debug|ARM
		{EB19337E-CCA3-4445-970B-B3C77E4F7F51}.Debug|x64.ActiveCfg = Debug|x64
		{EB19337E-CCA3-4445-970B-B3C77E4F7F51}.Debug|x64.Build.0 = Debug|x64
		{EB19337E-CCA3-4445-970B-B3C77E4F7F51}.Debug|x64.Deploy.0 = Debug|x64
		{EB19337E-CCA3-4445-970B-B3C77E4F7F51}.Debug|x86.ActiveCfg = Debug|x86
		{EB19337E-CCA3-4445-970B-B3C77E4F7F51}.Debug|x86.Build.0 = Debug|x86
		{EB19337E-CCA3-4445-970B-B3C77E4F7F51}.Debug|x86.Deploy.0 = Debug|x86
		{EB19337E-CCA3-4445-970B-B3C77E4F7F51}.Release|Any CPU.ActiveCfg = Release|x86
		{EB19337E-CCA3-4445-970B-B3C77E4F7F51}.Release|ARM.ActiveCfg = Release|ARM
		{EB19337E-CCA3-4445-970B-B3C77E4F7F51}.Release|ARM.Build.0 = Release|ARM
		{EB19337E-CCA3-4445-970B-B3C77E4F7F51}.Release|ARM.Deploy.0 = Release|ARM
		{EB19337E-CCA3-4445-970B-B3C77E4F7F51}.Release|x64.ActiveCfg = Release|x64
		{EB19337E-CCA3-4445-970B-B3C77E4F7F51}.Release|x64.Build.0 = Release|x64
		{EB19337E-CCA3-4445-970B-B3C77E4F7F51}.Release|x64.Deploy.0 = Release|x64
		{EB19337E-CCA3-4445-970B-B3C77E4F7F51}.Release|x86.ActiveCfg = Release|x86
		{EB19337E-CCA3-4445-970B-B3C77E4F7F51}.Release|x86.Build.0 = Release|x86
		{EB19337E-CCA3-4445-970B-B3C77E4F7F51}.Release|x86.Deploy.0 = Release|x86
	EndGlobalSection
	GlobalSection(SolutionProperties) = preSolution
		HideSolutionNode = FALSE
	EndGlobalSection
EndGlobal
